
Microsoft Visual Studio Solution File, Format Version 12.00
# Visual Studio Version 17
VisualStudioVersion = 17.0.32112.339
MinimumVisualStudioVersion = 10.0.40219.1
Project("{FAE04EC0-301F-11D3-BF4B-00C04F79EFBC}") = "lec01_ConsolToWindow_Server", "lec01_ConsolToWindow\lec01_ConsolToWindow_Server.csproj", "{DD1EB1EB-72A2-4585-B2D8-FCCDB54603EA}"
EndProject
Project("{FAE04EC0-301F-11D3-BF4B-00C04F79EFBC}") = "lec02_ConsolToWindow_Client", "lec02_ConsolToWindow_Client\lec02_ConsolToWindow_Client.csproj", "{E3A991A3-B0D6-4293-9FE5-231AAD2EDD1F}"
EndProject
Global
	GlobalSection(SolutionConfigurationPlatforms) = preSolution
		Debug|Any CPU = Debug|Any CPU
		Release|Any CPU = Release|Any CPU
	EndGlobalSection
	GlobalSection(ProjectConfigurationPlatforms) = postSolution
		{DD1EB1EB-72A2-4585-B2D8-FCCDB54603EA}.Debug|Any CPU.ActiveCfg = Debug|Any CPU
		{DD1EB1EB-72A2-4585-B2D8-FCCDB54603EA}.Debug|Any CPU.Build.0 = Debug|Any CPU
		{DD1EB1EB-72A2-4585-B2D8-FCCDB54603EA}.Release|Any CPU.ActiveCfg = Release|Any CPU
		{DD1EB1EB-72A2-4585-B2D8-FCCDB54603EA}.Release|Any CPU.Build.0 = Release|Any CPU
		{E3A991A3-B0D6-4293-9FE5-231AAD2EDD1F}.Debug|Any CPU.ActiveCfg = Debug|Any CPU
		{E3A991A3-B0D6-4293-9FE5-231AAD2EDD1F}.Debug|Any CPU.Build.0 = Debug|Any CPU
		{E3A991A3-B0D6-4293-9FE5-231AAD2EDD1F}.Release|Any CPU.ActiveCfg = Release|Any CPU
		{E3A991A3-B0D6-4293-9FE5-231AAD2EDD1F}.Release|Any CPU.Build.0 = Release|Any CPU
	EndGlobalSection
	GlobalSection(SolutionProperties) = preSolution
		HideSolutionNode = FALSE
	EndGlobalSection
	GlobalSection(ExtensibilityGlobals) = postSolution
		SolutionGuid = {2F4E2BFE-330B-4F9B-98FE-FD763AF3E21A}
	EndGlobalSection
EndGlobal
